
Microsoft Visual Studio Solution File, Format Version 12.00
# Visual Studio 15
VisualStudioVersion = 15.0.27004.2006
MinimumVisualStudioVersion = 10.0.40219.1
Project("{FAE04EC0-301F-11D3-BF4B-00C04F79EFBC}") = "JProject.WebApp", "JProject.WebApp\JProject.WebApp.csproj", "{56F640DB-AA8A-4159-8BFD-5AED6E45712C}"
EndProject
Project("{FAE04EC0-301F-11D3-BF4B-00C04F79EFBC}") = "JProject.ServicesTest", "JProject.ServicesTest\JProject.ServicesTest.csproj", "{C4902383-889A-4E58-94E9-C9A45B598A2F}"
EndProject
Project("{FAE04EC0-301F-11D3-BF4B-00C04F79EFBC}") = "JProject.Mvc", "JProject.Mvc\JProject.Mvc.csproj", "{D9D062F7-D995-4082-BBA6-4E47AD973FEC}"
EndProject
Project("{FAE04EC0-301F-11D3-BF4B-00C04F79EFBC}") = "JProject.Services", "JProject.Services\JProject.Services.csproj", "{AB0B7045-22BF-423B-B5CD-0F63FB047A89}"
EndProject
Project("{FAE04EC0-301F-11D3-BF4B-00C04F79EFBC}") = "JProject.Demo", "JProject.Demo\JProject.Demo.csproj", "{DEF1B2E8-7ADC-4D4C-838E-5F6DA32A4A28}"
EndProject
Project("{FAE04EC0-301F-11D3-BF4B-00C04F79EFBC}") = "JProject.Web2", "JProject.Web2\JProject.Web2.csproj", "{38101006-CF0B-4F3C-AE8F-4FA54E987CC6}"
EndProject
Project("{2150E333-8FDC-42A3-9474-1A3956D46DE8}") = "JProject.Base", "JProject.Base", "{1C82273A-71CB-48FF-97F1-5DD525547E71}"
EndProject
Project("{FAE04EC0-301F-11D3-BF4B-00C04F79EFBC}") = "JProject.BLL", "JProject.BLL\JProject.BLL.csproj", "{240177BE-E315-416D-AA53-D416A85645BF}"
EndProject
Project("{FAE04EC0-301F-11D3-BF4B-00C04F79EFBC}") = "JProject.IBLL", "JProject.IBLL\JProject.IBLL.csproj", "{F3CD84D6-C606-452C-9EB3-EF087C74D282}"
EndProject
Project("{FAE04EC0-301F-11D3-BF4B-00C04F79EFBC}") = "JProject.DAL", "JProject.DAL\JProject.DAL.csproj", "{B40323A5-A89F-4E17-81AE-30569D83401C}"
EndProject
Project("{FAE04EC0-301F-11D3-BF4B-00C04F79EFBC}") = "JProject.IDAL", "JProject.IDAL\JProject.IDAL.csproj", "{7DB83E7F-78D3-4101-BBF6-AF3C0828567E}"
EndProject
Project("{FAE04EC0-301F-11D3-BF4B-00C04F79EFBC}") = "JProject.Common", "JProject.Common\JProject.Common.csproj", "{BF903F8A-AAE5-420B-B953-ED9F9EAB7771}"
EndProject
Project("{FAE04EC0-301F-11D3-BF4B-00C04F79EFBC}") = "JProject.Core", "JProject.Core\JProject.Core.csproj", "{726402D5-39C1-4800-9A6C-97E970417A28}"
EndProject
Project("{FAE04EC0-301F-11D3-BF4B-00C04F79EFBC}") = "JProject.Jobs", "JProject.Jobs\JProject.Jobs.csproj", "{16A3B0B5-3607-4A10-B32E-4A7429C1CFFF}"
EndProject
Project("{FAE04EC0-301F-11D3-BF4B-00C04F79EFBC}") = "JProject.Locale", "JProject.Locale\JProject.Locale.csproj", "{13E1BA69-0310-4EC3-83C9-F0650790E4FA}"
EndProject
Project("{FAE04EC0-301F-11D3-BF4B-00C04F79EFBC}") = "JProject.WebApi", "JProject.WebApi\JProject.WebApi.csproj", "{7C2C1051-9C5D-4CC2-B1DB-55B1DB01BDA0}"
EndProject
Project("{FAE04EC0-301F-11D3-BF4B-00C04F79EFBC}") = "JProject.Models", "JProject.Models\JProject.Models.csproj", "{F9521C5D-9D83-4DC5-95E0-A330352D9E86}"
EndProject
Project("{FAE04EC0-301F-11D3-BF4B-00C04F79EFBC}") = "JProject.WebFormDemo", "JProject.WebFormDemo\JProject.WebFormDemo.csproj", "{9764D7D8-FCCF-4175-B9B9-A913A2E76D31}"
EndProject
Project("{FAE04EC0-301F-11D3-BF4B-00C04F79EFBC}") = "JProject.MVCBootstraps", "JProject.MVCBootstraps\JProject.MVCBootstraps.csproj", "{F4B4A673-4CD7-41FC-A7DC-8F8098265887}"
EndProject
Global
	GlobalSection(SolutionConfigurationPlatforms) = preSolution
		Debug|Any CPU = Debug|Any CPU
		Release|Any CPU = Release|Any CPU
	EndGlobalSection
	GlobalSection(ProjectConfigurationPlatforms) = postSolution
		{56F640DB-AA8A-4159-8BFD-5AED6E45712C}.Debug|Any CPU.ActiveCfg = Debug|Any CPU
		{56F640DB-AA8A-4159-8BFD-5AED6E45712C}.Debug|Any CPU.Build.0 = Debug|Any CPU
		{56F640DB-AA8A-4159-8BFD-5AED6E45712C}.Release|Any CPU.ActiveCfg = Release|Any CPU
		{56F640DB-AA8A-4159-8BFD-5AED6E45712C}.Release|Any CPU.Build.0 = Release|Any CPU
		{C4902383-889A-4E58-94E9-C9A45B598A2F}.Debug|Any CPU.ActiveCfg = Debug|Any CPU
		{C4902383-889A-4E58-94E9-C9A45B598A2F}.Debug|Any CPU.Build.0 = Debug|Any CPU
		{C4902383-889A-4E58-94E9-C9A45B598A2F}.Release|Any CPU.ActiveCfg = Release|Any CPU
		{C4902383-889A-4E58-94E9-C9A45B598A2F}.Release|Any CPU.Build.0 = Release|Any CPU
		{D9D062F7-D995-4082-BBA6-4E47AD973FEC}.Debug|Any CPU.ActiveCfg = Debug|Any CPU
		{D9D062F7-D995-4082-BBA6-4E47AD973FEC}.Debug|Any CPU.Build.0 = Debug|Any CPU
		{D9D062F7-D995-4082-BBA6-4E47AD973FEC}.Release|Any CPU.ActiveCfg = Release|Any CPU
		{D9D062F7-D995-4082-BBA6-4E47AD973FEC}.Release|Any CPU.Build.0 = Release|Any CPU
		{AB0B7045-22BF-423B-B5CD-0F63FB047A89}.Debug|Any CPU.ActiveCfg = Debug|Any CPU
		{AB0B7045-22BF-423B-B5CD-0F63FB047A89}.Debug|Any CPU.Build.0 = Debug|Any CPU
		{AB0B7045-22BF-423B-B5CD-0F63FB047A89}.Release|Any CPU.ActiveCfg = Release|Any CPU
		{AB0B7045-22BF-423B-B5CD-0F63FB047A89}.Release|Any CPU.Build.0 = Release|Any CPU
		{DEF1B2E8-7ADC-4D4C-838E-5F6DA32A4A28}.Debug|Any CPU.ActiveCfg = Debug|Any CPU
		{DEF1B2E8-7ADC-4D4C-838E-5F6DA32A4A28}.Debug|Any CPU.Build.0 = Debug|Any CPU
		{DEF1B2E8-7ADC-4D4C-838E-5F6DA32A4A28}.Release|Any CPU.ActiveCfg = Release|Any CPU
		{DEF1B2E8-7ADC-4D4C-838E-5F6DA32A4A28}.Release|Any CPU.Build.0 = Release|Any CPU
		{38101006-CF0B-4F3C-AE8F-4FA54E987CC6}.Debug|Any CPU.ActiveCfg = Debug|Any CPU
		{38101006-CF0B-4F3C-AE8F-4FA54E987CC6}.Debug|Any CPU.Build.0 = Debug|Any CPU
		{38101006-CF0B-4F3C-AE8F-4FA54E987CC6}.Release|Any CPU.ActiveCfg = Release|Any CPU
		{38101006-CF0B-4F3C-AE8F-4FA54E987CC6}.Release|Any CPU.Build.0 = Release|Any CPU
		{240177BE-E315-416D-AA53-D416A85645BF}.Debug|Any CPU.ActiveCfg = Debug|Any CPU
		{240177BE-E315-416D-AA53-D416A85645BF}.Debug|Any CPU.Build.0 = Debug|Any CPU
		{240177BE-E315-416D-AA53-D416A85645BF}.Release|Any CPU.ActiveCfg = Release|Any CPU
		{240177BE-E315-416D-AA53-D416A85645BF}.Release|Any CPU.Build.0 = Release|Any CPU
		{F3CD84D6-C606-452C-9EB3-EF087C74D282}.Debug|Any CPU.ActiveCfg = Debug|Any CPU
		{F3CD84D6-C606-452C-9EB3-EF087C74D282}.Debug|Any CPU.Build.0 = Debug|Any CPU
		{F3CD84D6-C606-452C-9EB3-EF087C74D282}.Release|Any CPU.ActiveCfg = Release|Any CPU
		{F3CD84D6-C606-452C-9EB3-EF087C74D282}.Release|Any CPU.Build.0 = Release|Any CPU
		{B40323A5-A89F-4E17-81AE-30569D83401C}.Debug|Any CPU.ActiveCfg = Debug|Any CPU
		{B40323A5-A89F-4E17-81AE-30569D83401C}.Debug|Any CPU.Build.0 = Debug|Any CPU
		{B40323A5-A89F-4E17-81AE-30569D83401C}.Release|Any CPU.ActiveCfg = Release|Any CPU
		{B40323A5-A89F-4E17-81AE-30569D83401C}.Release|Any CPU.Build.0 = Release|Any CPU
		{7DB83E7F-78D3-4101-BBF6-AF3C0828567E}.Debug|Any CPU.ActiveCfg = Debug|Any CPU
		{7DB83E7F-78D3-4101-BBF6-AF3C0828567E}.Debug|Any CPU.Build.0 = Debug|Any CPU
		{7DB83E7F-78D3-4101-BBF6-AF3C0828567E}.Release|Any CPU.ActiveCfg = Release|Any CPU
		{7DB83E7F-78D3-4101-BBF6-AF3C0828567E}.Release|Any CPU.Build.0 = Release|Any CPU
		{BF903F8A-AAE5-420B-B953-ED9F9EAB7771}.Debug|Any CPU.ActiveCfg = Debug|Any CPU
		{BF903F8A-AAE5-420B-B953-ED9F9EAB7771}.Debug|Any CPU.Build.0 = Debug|Any CPU
		{BF903F8A-AAE5-420B-B953-ED9F9EAB7771}.Release|Any CPU.ActiveCfg = Release|Any CPU
		{BF903F8A-AAE5-420B-B953-ED9F9EAB7771}.Release|Any CPU.Build.0 = Release|Any CPU
		{726402D5-39C1-4800-9A6C-97E970417A28}.Debug|Any CPU.ActiveCfg = Debug|Any CPU
		{726402D5-39C1-4800-9A6C-97E970417A28}.Debug|Any CPU.Build.0 = Debug|Any CPU
		{726402D5-39C1-4800-9A6C-97E970417A28}.Release|Any CPU.ActiveCfg = Release|Any CPU
		{726402D5-39C1-4800-9A6C-97E970417A28}.Release|Any CPU.Build.0 = Release|Any CPU
		{16A3B0B5-3607-4A10-B32E-4A7429C1CFFF}.Debug|Any CPU.ActiveCfg = Debug|Any CPU
		{16A3B0B5-3607-4A10-B32E-4A7429C1CFFF}.Debug|Any CPU.Build.0 = Debug|Any CPU
		{16A3B0B5-3607-4A10-B32E-4A7429C1CFFF}.Release|Any CPU.ActiveCfg = Release|Any CPU
		{16A3B0B5-3607-4A10-B32E-4A7429C1CFFF}.Release|Any CPU.Build.0 = Release|Any CPU
		{13E1BA69-0310-4EC3-83C9-F0650790E4FA}.Debug|Any CPU.ActiveCfg = Debug|Any CPU
		{13E1BA69-0310-4EC3-83C9-F0650790E4FA}.Debug|Any CPU.Build.0 = Debug|Any CPU
		{13E1BA69-0310-4EC3-83C9-F0650790E4FA}.Release|Any CPU.ActiveCfg = Release|Any CPU
		{13E1BA69-0310-4EC3-83C9-F0650790E4FA}.Release|Any CPU.Build.0 = Release|Any CPU
		{7C2C1051-9C5D-4CC2-B1DB-55B1DB01BDA0}.Debug|Any CPU.ActiveCfg = Debug|Any CPU
		{7C2C1051-9C5D-4CC2-B1DB-55B1DB01BDA0}.Debug|Any CPU.Build.0 = Debug|Any CPU
		{7C2C1051-9C5D-4CC2-B1DB-55B1DB01BDA0}.Release|Any CPU.ActiveCfg = Release|Any CPU
		{7C2C1051-9C5D-4CC2-B1DB-55B1DB01BDA0}.Release|Any CPU.Build.0 = Release|Any CPU
		{F9521C5D-9D83-4DC5-95E0-A330352D9E86}.Debug|Any CPU.ActiveCfg = Debug|Any CPU
		{F9521C5D-9D83-4DC5-95E0-A330352D9E86}.Debug|Any CPU.Build.0 = Debug|Any CPU
		{F9521C5D-9D83-4DC5-95E0-A330352D9E86}.Release|Any CPU.ActiveCfg = Release|Any CPU
		{F9521C5D-9D83-4DC5-95E0-A330352D9E86}.Release|Any CPU.Build.0 = Release|Any CPU
		{9764D7D8-FCCF-4175-B9B9-A913A2E76D31}.Debug|Any CPU.ActiveCfg = Debug|Any CPU
		{9764D7D8-FCCF-4175-B9B9-A913A2E76D31}.Debug|Any CPU.Build.0 = Debug|Any CPU
		{9764D7D8-FCCF-4175-B9B9-A913A2E76D31}.Release|Any CPU.ActiveCfg = Release|Any CPU
		{9764D7D8-FCCF-4175-B9B9-A913A2E76D31}.Release|Any CPU.Build.0 = Release|Any CPU
		{F4B4A673-4CD7-41FC-A7DC-8F8098265887}.Debug|Any CPU.ActiveCfg = Debug|Any CPU
		{F4B4A673-4CD7-41FC-A7DC-8F8098265887}.Debug|Any CPU.Build.0 = Debug|Any CPU
		{F4B4A673-4CD7-41FC-A7DC-8F8098265887}.Release|Any CPU.ActiveCfg = Release|Any CPU
		{F4B4A673-4CD7-41FC-A7DC-8F8098265887}.Release|Any CPU.Build.0 = Release|Any CPU
	EndGlobalSection
	GlobalSection(SolutionProperties) = preSolution
		HideSolutionNode = FALSE
	EndGlobalSection
	GlobalSection(NestedProjects) = preSolution
		{240177BE-E315-416D-AA53-D416A85645BF} = {1C82273A-71CB-48FF-97F1-5DD525547E71}
		{F3CD84D6-C606-452C-9EB3-EF087C74D282} = {1C82273A-71CB-48FF-97F1-5DD525547E71}
		{B40323A5-A89F-4E17-81AE-30569D83401C} = {1C82273A-71CB-48FF-97F1-5DD525547E71}
		{7DB83E7F-78D3-4101-BBF6-AF3C0828567E} = {1C82273A-71CB-48FF-97F1-5DD525547E71}
	EndGlobalSection
	GlobalSection(ExtensibilityGlobals) = postSolution
		SolutionGuid = {4C2C36D6-A385-4DB6-B033-D9D501829F76}
	EndGlobalSection
EndGlobal
